
Microsoft Visual Studio Solution File, Format Version 12.00
# Visual Studio 15
VisualStudioVersion = 15.0.27428.2043
MinimumVisualStudioVersion = 10.0.40219.1
Project("{FAE04EC0-301F-11D3-BF4B-00C04F79EFBC}") = "AuthenticationDemo", "AuthenticationDemo\AuthenticationDemo.csproj", "{BE5483C8-CD00-48A1-80AA-5DFF16530A1A}"
EndProject
Global
	GlobalSection(SolutionConfigurationPlatforms) = preSolution
		Debug|Any CPU = Debug|Any CPU
		Release|Any CPU = Release|Any CPU
	EndGlobalSection
	GlobalSection(ProjectConfigurationPlatforms) = postSolution
		{BE5483C8-CD00-48A1-80AA-5DFF16530A1A}.Debug|Any CPU.ActiveCfg = Debug|Any CPU
		{BE5483C8-CD00-48A1-80AA-5DFF16530A1A}.Debug|Any CPU.Build.0 = Debug|Any CPU
		{BE5483C8-CD00-48A1-80AA-5DFF16530A1A}.Release|Any CPU.ActiveCfg = Release|Any CPU
		{BE5483C8-CD00-48A1-80AA-5DFF16530A1A}.Release|Any CPU.Build.0 = Release|Any CPU
	EndGlobalSection
	GlobalSection(SolutionProperties) = preSolution
		HideSolutionNode = FALSE
	EndGlobalSection
	GlobalSection(ExtensibilityGlobals) = postSolution
		SolutionGuid = {6EF3DE8C-0B37-4237-8C9A-0EAA13E52B18}
	EndGlobalSection
EndGlobal
